{
  "requires": true,
  "lockfileVersion": 1,
  "dependencies": {
    "es6-promise": {
      "version": "4.2.4",
      "resolved": "https://registry.npmjs.org/es6-promise/-/es6-promise-4.2.4.tgz",
      "integrity": "sha512-/NdNZVJg+uZgtm9eS3O6lrOLYmQag2DjdEXuPaHlZ6RuVqgqaVZfgYCepEIKsLqwdQArOPtC3XzRLqGGfT8KQQ=="
    },
    "lodash._getnative": {
      "version": "3.9.1",
      "resolved": "https://registry.npmjs.org/lodash._getnative/-/lodash._getnative-3.9.1.tgz",
      "integrity": "sha1-VwvH3t5G1hzc3mh9ZdPuy6o6r/U="
    },
    "lodash.isarguments": {
      "version": "3.1.0",
      "resolved": "https://registry.npmjs.org/lodash.isarguments/-/lodash.isarguments-3.1.0.tgz",
      "integrity": "sha1-L1c9hcaiQon/AGY7SRwdM4/zRYo="
    },
    "lodash.isarray": {
      "version": "3.0.4",
      "resolved": "https://registry.npmjs.org/lodash.isarray/-/lodash.isarray-3.0.4.tgz",
      "integrity": "sha1-eeTriMNqgSKvhvhEqpvNhRtfu1U="
    },
    "lodash.keys": {
      "version": "3.1.2",
      "resolved": "https://registry.npmjs.org/lodash.keys/-/lodash.keys-3.1.2.tgz",
      "integrity": "sha1-TbwEcrFWvlCgsoaFXRvQsMZWCYo=",
      "requires": {
        "lodash._getnative": "3.9.1",
        "lodash.isarguments": "3.1.0",
        "lodash.isarray": "3.0.4"
      }
    },
    "punycode": {
      "version": "1.3.2",
      "resolved": "https://registry.npmjs.org/punycode/-/punycode-1.3.2.tgz",
      "integrity": "sha1-llOgNvt8HuQjQvIyXM7v6jkmxI0="
    },
    "querystring": {
      "version": "0.2.0",
      "resolved": "https://registry.npmjs.org/querystring/-/querystring-0.2.0.tgz",
      "integrity": "sha1-sgmEkgO7Jd+CDadW50cAWHhSFiA="
    },
    "shallowequal": {
      "version": "0.2.2",
      "resolved": "https://registry.npmjs.org/shallowequal/-/shallowequal-0.2.2.tgz",
      "integrity": "sha1-HjL9W8q2rWiKSBLLDMBO/HXHAU4=",
      "requires": {
        "lodash.keys": "3.1.2"
      }
    },
    "tableau-react": {
      "version": "1.0.2",
      "resolved": "https://registry.npmjs.org/tableau-react/-/tableau-react-1.0.2.tgz",
      "integrity": "sha1-V2ZoHkZDK9prXl5jVKFPVHiSkUQ=",
      "requires": {
        "es6-promise": "4.2.4",
        "shallowequal": "0.2.2",
        "tableau-api": "git://github.com/ilyabo/tableau-api.git#069f178bd634f77ae14e44fd32cf3fa8258f1866",
        "url": "0.11.0"
      },
      "dependencies": {
        "tableau-api": {
          "version": "git://github.com/ilyabo/tableau-api.git#069f178bd634f77ae14e44fd32cf3fa8258f1866"
        }
      }
    },
    "url": {
      "version": "0.11.0",
      "resolved": "https://registry.npmjs.org/url/-/url-0.11.0.tgz",
      "integrity": "sha1-ODjpfPxgUh63PFJajlW/3Z4uKPE=",
      "requires": {
        "punycode": "1.3.2",
        "querystring": "0.2.0"
      }
    }
  }
}
